version: 2.0
shards:
  backtracer:
    git: https://github.com/sija/backtracer.cr.git
    version: 1.2.4

  crystal-gql:
    git: https://github.com/itsezc/crystal-gql.git
    version: 0.1.3+git.commit.8f61074635b944bfc51412bcb1bcd9fff3a4570b

  dotenv:
    git: https://github.com/drum445/dotenv.git
    version: 0.5.0

  exception_page:
    git: https://github.com/crystal-loot/exception_page.git
    version: 0.5.0

  kemal:
    git: https://github.com/kemalcr/kemal.git
    version: 1.11.0

  radix:
    git: https://github.com/luislavena/radix.git
    version: 0.4.1

